
Microsoft Visual Studio Solution File, Format Version 12.00
# Visual Studio 15
VisualStudioVersion = 15.0.27130.2010
MinimumVisualStudioVersion = 10.0.40219.1
Project("{9A19103F-16F7-4668-BE54-9A1E7A4F7556}") = "Education", "Education\Education.csproj", "{1E5A54E6-97AD-4667-BB3F-CEFFBDC1CF7A}"
EndProject
Project("{9A19103F-16F7-4668-BE54-9A1E7A4F7556}") = "Education.DAL", "Education.DAL\Education.DAL.csproj", "{29BE8B75-7CAA-4C3D-BEA4-4E0247247ED1}"
EndProject
Project("{9A19103F-16F7-4668-BE54-9A1E7A4F7556}") = "Education.BLL", "Education.BLL\Education.BLL.csproj", "{93495133-C1E4-4D33-9BF4-D942C73FB1CE}"
EndProject
Global
	GlobalSection(SolutionConfigurationPlatforms) = preSolution
		Debug|Any CPU = Debug|Any CPU
		Release|Any CPU = Release|Any CPU
	EndGlobalSection
	GlobalSection(ProjectConfigurationPlatforms) = postSolution
		{1E5A54E6-97AD-4667-BB3F-CEFFBDC1CF7A}.Debug|Any CPU.ActiveCfg = Debug|Any CPU
		{1E5A54E6-97AD-4667-BB3F-CEFFBDC1CF7A}.Debug|Any CPU.Build.0 = Debug|Any CPU
		{1E5A54E6-97AD-4667-BB3F-CEFFBDC1CF7A}.Release|Any CPU.ActiveCfg = Release|Any CPU
		{1E5A54E6-97AD-4667-BB3F-CEFFBDC1CF7A}.Release|Any CPU.Build.0 = Release|Any CPU
		{29BE8B75-7CAA-4C3D-BEA4-4E0247247ED1}.Debug|Any CPU.ActiveCfg = Debug|Any CPU
		{29BE8B75-7CAA-4C3D-BEA4-4E0247247ED1}.Debug|Any CPU.Build.0 = Debug|Any CPU
		{29BE8B75-7CAA-4C3D-BEA4-4E0247247ED1}.Release|Any CPU.ActiveCfg = Release|Any CPU
		{29BE8B75-7CAA-4C3D-BEA4-4E0247247ED1}.Release|Any CPU.Build.0 = Release|Any CPU
		{93495133-C1E4-4D33-9BF4-D942C73FB1CE}.Debug|Any CPU.ActiveCfg = Debug|Any CPU
		{93495133-C1E4-4D33-9BF4-D942C73FB1CE}.Debug|Any CPU.Build.0 = Debug|Any CPU
		{93495133-C1E4-4D33-9BF4-D942C73FB1CE}.Release|Any CPU.ActiveCfg = Release|Any CPU
		{93495133-C1E4-4D33-9BF4-D942C73FB1CE}.Release|Any CPU.Build.0 = Release|Any CPU
	EndGlobalSection
	GlobalSection(SolutionProperties) = preSolution
		HideSolutionNode = FALSE
	EndGlobalSection
	GlobalSection(ExtensibilityGlobals) = postSolution
		SolutionGuid = {AC234992-AE41-47FB-BFA8-DBAF91FB3CF4}
	EndGlobalSection
EndGlobal
